
Microsoft Visual Studio Solution File, Format Version 12.00
# Visual Studio Version 16
VisualStudioVersion = 16.0.30225.117
MinimumVisualStudioVersion = 10.0.40219.1
Project("{FAE04EC0-301F-11D3-BF4B-00C04F79EFBC}") = "Test_Client", "Test_Client\Test_Client.csproj", "{E84E6F51-8D47-4718-8E90-CC302E54F4EC}"
EndProject
Global
	GlobalSection(SolutionConfigurationPlatforms) = preSolution
		Debug|Any CPU = Debug|Any CPU
		Release|Any CPU = Release|Any CPU
	EndGlobalSection
	GlobalSection(ProjectConfigurationPlatforms) = postSolution
		{E84E6F51-8D47-4718-8E90-CC302E54F4EC}.Debug|Any CPU.ActiveCfg = Debug|Any CPU
		{E84E6F51-8D47-4718-8E90-CC302E54F4EC}.Debug|Any CPU.Build.0 = Debug|Any CPU
		{E84E6F51-8D47-4718-8E90-CC302E54F4EC}.Release|Any CPU.ActiveCfg = Release|Any CPU
		{E84E6F51-8D47-4718-8E90-CC302E54F4EC}.Release|Any CPU.Build.0 = Release|Any CPU
	EndGlobalSection
	GlobalSection(SolutionProperties) = preSolution
		HideSolutionNode = FALSE
	EndGlobalSection
	GlobalSection(ExtensibilityGlobals) = postSolution
		SolutionGuid = {61D4148B-0AB7-4E8D-BB5A-7264CC4B6EFA}
	EndGlobalSection
EndGlobal
